
Microsoft Visual Studio Solution File, Format Version 12.00
# Visual Studio Version 16
VisualStudioVersion = 25.0.1705.0
MinimumVisualStudioVersion = 10.0.40219.1
Project("{FAE04EC0-301F-11D3-BF4B-00C04F79EFBC}") = "SwitchBoardApi", "SwitchBoardApi.csproj", "{67A0C97E-3208-48B6-9F5B-6ACEB275D737}"
EndProject
Global
	GlobalSection(SolutionConfigurationPlatforms) = preSolution
		Debug|Any CPU = Debug|Any CPU
		Release|Any CPU = Release|Any CPU
	EndGlobalSection
	GlobalSection(ProjectConfigurationPlatforms) = postSolution
		{67A0C97E-3208-48B6-9F5B-6ACEB275D737}.Debug|Any CPU.ActiveCfg = Debug|Any CPU
		{67A0C97E-3208-48B6-9F5B-6ACEB275D737}.Debug|Any CPU.Build.0 = Debug|Any CPU
		{67A0C97E-3208-48B6-9F5B-6ACEB275D737}.Release|Any CPU.ActiveCfg = Release|Any CPU
		{67A0C97E-3208-48B6-9F5B-6ACEB275D737}.Release|Any CPU.Build.0 = Release|Any CPU
	EndGlobalSection
	GlobalSection(SolutionProperties) = preSolution
		HideSolutionNode = FALSE
	EndGlobalSection
	GlobalSection(ExtensibilityGlobals) = postSolution
		SolutionGuid = {E3DC64C5-DB69-47B4-A71E-31230D2419A1}
	EndGlobalSection
EndGlobal
